{
  "version": 4,
  "terraform_version": "1.0.11",
  "serial": 3,
  "lineage": "1ef26f51-a47f-b245-b372-6f7a6c568be6",
  "outputs": {},
  "resources": [
    {
      "mode": "managed",
      "type": "google_sql_database_instance",
      "name": "terraformpostges",
      "provider": "provider[\"registry.terraform.io/hashicorp/google\"]",
      "instances": [
        {
          "schema_version": 0,
          "attributes": {
            "clone": [],
            "connection_name": "stop-start-vm:us-central1:terraformpostges",
            "database_version": "POSTGRES_11",
            "deletion_protection": true,
            "first_ip_address": "35.222.6.204",
            "id": "terraformpostges",
            "ip_address": [
              {
                "ip_address": "35.222.6.204",
                "time_to_retire": "",
                "type": "PRIMARY"
              },
              {
                "ip_address": "34.122.105.79",
                "time_to_retire": "",
                "type": "OUTGOING"
              }
            ],
            "master_instance_name": "",
            "name": "terraformpostges",
            "private_ip_address": "",
            "project": "stop-start-vm",
            "public_ip_address": "35.222.6.204",
            "region": "us-central1",
            "replica_configuration": [],
            "restore_backup_context": [],
            "root_password": null,
            "self_link": "https://sqladmin.googleapis.com/sql/v1beta4/projects/stop-start-vm/instances/terraformpostges",
            "server_ca_cert": [
              {
                "cert": "-----BEGIN CERTIFICATE-----\nMIIDfzCCAmegAwIBAgIBADANBgkqhkiG9w0BAQsFADB3MS0wKwYDVQQuEyQ1YmU5\nZTZkZS1mOTVjLTQ5OWQtYjdlMy03OTVkOGJlYWUzNjgxIzAhBgNVBAMTGkdvb2ds\nZSBDbG91ZCBTUUwgU2VydmVyIENBMRQwEgYDVQQKEwtHb29nbGUsIEluYzELMAkG\nA1UEBhMCVVMwHhcNMjExMTE1MjEzODQzWhcNMzExMTEzMjEzOTQzWjB3MS0wKwYD\nVQQuEyQ1YmU5ZTZkZS1mOTVjLTQ5OWQtYjdlMy03OTVkOGJlYWUzNjgxIzAhBgNV\nBAMTGkdvb2dsZSBDbG91ZCBTUUwgU2VydmVyIENBMRQwEgYDVQQKEwtHb29nbGUs\nIEluYzELMAkGA1UEBhMCVVMwggEiMA0GCSqGSIb3DQEBAQUAA4IBDwAwggEKAoIB\nAQCa4/FozosHEkV+NLIBFc5u2JfnUkZWD+Zb5jEGbRvNyHC5rwKOjHRMaFx/+pek\nbJmbErfxn5nAD61adGu4OnNoY9mUbmFNDh/+2g+vOKk8F8YflB9U5nfCR7Uer2eg\nFqR+Q+49zSUAdf2n+8fFssr/YOOMT4zBQsImwKs5AeY/LxJBeKK+NRKp5L6HYNnp\nXlRDf0wm/VdaXEgjQQ0SuEP8a9WHP4LJZ8Gz3qAXFL4z1DGip23d+WuG72bndJ9v\neoO+z2PnNbYkUNs/en96hqxJgdWBWxz9ebcdJkiZgE9IaJg7bnCepHTAhGZHLlaK\nvzr6t8RjiAEiKGmmwkzdWIDdAgMBAAGjFjAUMBIGA1UdEwEB/wQIMAYBAf8CAQAw\nDQYJKoZIhvcNAQELBQADggEBAHJYvevaSy97umS+hHkDbKbVOycBuKtsDb1EkCyI\nhxgnwzh0sm9Q+On6wY5bWQQvqPnEBqkfpAYqr99NRA1+Xa7PI8Jz+wCCB4fN9PUQ\nFtT/IikwcKNUq2WQXO7ooaixiGoOKH2ze89XGRxKxaddpb+PCYdCATRTua/Pr2S+\nlLgzGMbcLZlo33NDi1ZLdYvvX8Ur8iQIZ3BAWrqr5RzUat2Lt9DPButlLn5LeaYm\nGkYk+m8SIMuVGDRW02ac180QI/7ywg4gFtznyxvg3OUcgyfi/JlMxLMOfkf+fKv4\n+z52EMc9+Ncr2Fhro3OLf5jiPceRtXSAnhJ2B08XQgzQ6WI=\n-----END CERTIFICATE-----",
                "common_name": "C=US,O=Google\\, Inc,CN=Google Cloud SQL Server CA,dnQualifier=5be9e6de-f95c-499d-b7e3-795d8beae368",
                "create_time": "2021-11-15T21:38:43.984Z",
                "expiration_time": "2031-11-13T21:39:43.984Z",
                "sha1_fingerprint": "6201ce4adc7ff8518410630043a467efaedde807"
              }
            ],
            "service_account_email_address": "p420009943762-8iklem@gcp-sa-cloud-sql.iam.gserviceaccount.com",
            "settings": [
              {
                "activation_policy": "ALWAYS",
                "availability_type": "ZONAL",
                "backup_configuration": [
                  {
                    "backup_retention_settings": [
                      {
                        "retained_backups": 7,
                        "retention_unit": "COUNT"
                      }
                    ],
                    "binary_log_enabled": false,
                    "enabled": false,
                    "location": "",
                    "point_in_time_recovery_enabled": false,
                    "start_time": "01:00",
                    "transaction_log_retention_days": 7
                  }
                ],
                "collation": "",
                "database_flags": [],
                "disk_autoresize": true,
                "disk_autoresize_limit": 0,
                "disk_size": 10,
                "disk_type": "PD_SSD",
                "insights_config": [],
                "ip_configuration": [
                  {
                    "authorized_networks": [],
                    "ipv4_enabled": true,
                    "private_network": "",
                    "require_ssl": false
                  }
                ],
                "location_preference": [
                  {
                    "follow_gae_application": "",
                    "zone": "us-central1-f"
                  }
                ],
                "maintenance_window": [],
                "pricing_plan": "PER_USE",
                "tier": "db-f1-micro",
                "user_labels": {},
                "version": 1
              }
            ],
            "timeouts": null
          },
          "sensitive_attributes": [],
          "private": "eyJlMmJmYjczMC1lY2FhLTExZTYtOGY4OC0zNDM2M2JjN2M0YzAiOnsiY3JlYXRlIjoxODAwMDAwMDAwMDAwLCJkZWxldGUiOjE4MDAwMDAwMDAwMDAsInVwZGF0ZSI6MTgwMDAwMDAwMDAwMH19"
        }
      ]
    }
  ]
}
